
Microsoft Visual Studio Solution File, Format Version 12.00
# Visual Studio Version 16
VisualStudioVersion = 16.0.32002.261
MinimumVisualStudioVersion = 10.0.40219.1
Project("{FAE04EC0-301F-11D3-BF4B-00C04F79EFBC}") = "RepositorioFilmes", "RepositorioFilmes.csproj", "{ABFFE38F-FA08-4E38-B55F-9E52858DE8C3}"
EndProject
Global
	GlobalSection(SolutionConfigurationPlatforms) = preSolution
		Debug|Any CPU = Debug|Any CPU
		Release|Any CPU = Release|Any CPU
	EndGlobalSection
	GlobalSection(ProjectConfigurationPlatforms) = postSolution
		{ABFFE38F-FA08-4E38-B55F-9E52858DE8C3}.Debug|Any CPU.ActiveCfg = Debug|Any CPU
		{ABFFE38F-FA08-4E38-B55F-9E52858DE8C3}.Debug|Any CPU.Build.0 = Debug|Any CPU
		{ABFFE38F-FA08-4E38-B55F-9E52858DE8C3}.Release|Any CPU.ActiveCfg = Release|Any CPU
		{ABFFE38F-FA08-4E38-B55F-9E52858DE8C3}.Release|Any CPU.Build.0 = Release|Any CPU
	EndGlobalSection
	GlobalSection(SolutionProperties) = preSolution
		HideSolutionNode = FALSE
	EndGlobalSection
	GlobalSection(ExtensibilityGlobals) = postSolution
		SolutionGuid = {94222ACA-7233-48BF-B131-8476EE25C10A}
	EndGlobalSection
EndGlobal
